// !$*UTF8*$!
{
	archiveVersion = 1;
	classes = {
	};
	objectVersion = 48;
	objects = {

/* Begin PBXBuildFile section */
		897F3F6C202E624F0079C831 /* AppDelegate.swift in Sources */ = {isa = PBXBuildFile; fileRef = 897F3F6B202E624F0079C831 /* AppDelegate.swift */; };
		897F3F6E202E624F0079C831 /* ViewController.swift in Sources */ = {isa = PBXBuildFile; fileRef = 897F3F6D202E624F0079C831 /* ViewController.swift */; };
		897F3F71202E624F0079C831 /* Main.storyboard in Resources */ = {isa = PBXBuildFile; fileRef = 897F3F6F202E624F0079C831 /* Main.storyboard */; };
		897F3F73202E624F0079C831 /* Assets.xcassets in Resources */ = {isa = PBXBuildFile; fileRef = 897F3F72202E624F0079C831 /* Assets.xcassets */; };
		897F3F76202E624F0079C831 /* LaunchScreen.storyboard in Resources */ = {isa = PBXBuildFile; fileRef = 897F3F74202E624F0079C831 /* LaunchScreen.storyboard */; };
		897F3F83202E62810079C831 /* Interface.storyboard in Resources */ = {isa = PBXBuildFile; fileRef = 897F3F81202E62810079C831 /* Interface.storyboard */; };
		897F3F85202E62810079C831 /* Assets.xcassets in Resources */ = {isa = PBXBuildFile; fileRef = 897F3F84202E62810079C831 /* Assets.xcassets */; };
		897F3F8C202E62820079C831 /* GlanceDemo-i Extension.appex in Embed App Extensions */ = {isa = PBXBuildFile; fileRef = 897F3F8B202E62820079C831 /* GlanceDemo-i Extension.appex */; settings = {ATTRIBUTES = (RemoveHeadersOnCopy, ); }; };
		897F3F91202E62820079C831 /* InterfaceController.swift in Sources */ = {isa = PBXBuildFile; fileRef = 897F3F90202E62820079C831 /* InterfaceController.swift */; };
		897F3F93202E62820079C831 /* ExtensionDelegate.swift in Sources */ = {isa = PBXBuildFile; fileRef = 897F3F92202E62820079C831 /* ExtensionDelegate.swift */; };
		897F3F95202E62820079C831 /* NotificationController.swift in Sources */ = {isa = PBXBuildFile; fileRef = 897F3F94202E62820079C831 /* NotificationController.swift */; };
		897F3F97202E62820079C831 /* ComplicationController.swift in Sources */ = {isa = PBXBuildFile; fileRef = 897F3F96202E62820079C831 /* ComplicationController.swift */; };
		897F3F99202E62820079C831 /* Assets.xcassets in Resources */ = {isa = PBXBuildFile; fileRef = 897F3F98202E62820079C831 /* Assets.xcassets */; };
		897F3F9E202E62820079C831 /* GlanceDemo-i.app in Embed Watch Content */ = {isa = PBXBuildFile; fileRef = 897F3F7F202E62810079C831 /* GlanceDemo-i.app */; };
/* End PBXBuildFile section */

/* Begin PBXContainerItemProxy section */
		897F3F8D202E62820079C831 /* PBXContainerItemProxy */ = {
			isa = PBXContainerItemProxy;
			containerPortal = 897F3F60202E624F0079C831 /* Project object */;
			proxyType = 1;
			remoteGlobalIDString = 897F3F8A202E62820079C831;
			remoteInfo = "GlanceDemo-i Extension";
		};
		897F3F9C202E62820079C831 /* PBXContainerItemProxy */ = {
			isa = PBXContainerItemProxy;
			containerPortal = 897F3F60202E624F0079C831 /* Project object */;
			proxyType = 1;
			remoteGlobalIDString = 897F3F7E202E62810079C831;
			remoteInfo = "GlanceDemo-i";
		};
/* End PBXContainerItemProxy section */

/* Begin PBXCopyFilesBuildPhase section */
		897F3FA2202E62820079C831 /* Embed App Extensions */ = {
			isa = PBXCopyFilesBuildPhase;
			buildActionMask = 2147483647;
			dstPath = "";
			dstSubfolderSpec = 13;
			files = (
				897F3F8C202E62820079C831 /* GlanceDemo-i Extension.appex in Embed App Extensions */,
			);
			name = "Embed App Extensions";
			runOnlyForDeploymentPostprocessing = 0;
		};
		897F3FA6202E62820079C831 /* Embed Watch Content */ = {
			isa = PBXCopyFilesBuildPhase;
			buildActionMask = 2147483647;
			dstPath = "$(CONTENTS_FOLDER_PATH)/Watch";
			dstSubfolderSpec = 16;
			files = (
				897F3F9E202E62820079C831 /* GlanceDemo-i.app in Embed Watch Content */,
			);
			name = "Embed Watch Content";
			runOnlyForDeploymentPostprocessing = 0;
		};
/* End PBXCopyFilesBuildPhase section */

/* Begin PBXFileReference section */
		897F3F68202E624F0079C831 /* GlanceDemo.app */ = {isa = PBXFileReference; explicitFileType = wrapper.application; includeInIndex = 0; path = GlanceDemo.app; sourceTree = BUILT_PRODUCTS_DIR; };
		897F3F6B202E624F0079C831 /* AppDelegate.swift */ = {isa = PBXFileReference; lastKnownFileType = sourcecode.swift; path = AppDelegate.swift; sourceTree = "<group>"; };
		897F3F6D202E624F0079C831 /* ViewController.swift */ = {isa = PBXFileReference; lastKnownFileType = sourcecode.swift; path = ViewController.swift; sourceTree = "<group>"; };
		897F3F70202E624F0079C831 /* Base */ = {isa = PBXFileReference; lastKnownFileType = file.storyboard; name = Base; path = Base.lproj/Main.storyboard; sourceTree = "<group>"; };
		897F3F72202E624F0079C831 /* Assets.xcassets */ = {isa = PBXFileReference; lastKnownFileType = folder.assetcatalog; path = Assets.xcassets; sourceTree = "<group>"; };
		897F3F75202E624F0079C831 /* Base */ = {isa = PBXFileReference; lastKnownFileType = file.storyboard; name = Base; path = Base.lproj/LaunchScreen.storyboard; sourceTree = "<group>"; };
		897F3F77202E624F0079C831 /* Info.plist */ = {isa = PBXFileReference; lastKnownFileType = text.plist.xml; path = Info.plist; sourceTree = "<group>"; };
		897F3F7F202E62810079C831 /* GlanceDemo-i.app */ = {isa = PBXFileReference; explicitFileType = wrapper.application; includeInIndex = 0; path = "GlanceDemo-i.app"; sourceTree = BUILT_PRODUCTS_DIR; };
		897F3F82202E62810079C831 /* Base */ = {isa = PBXFileReference; lastKnownFileType = file.storyboard; name = Base; path = Base.lproj/Interface.storyboard; sourceTree = "<group>"; };
		897F3F84202E62810079C831 /* Assets.xcassets */ = {isa = PBXFileReference; lastKnownFileType = folder.assetcatalog; path = Assets.xcassets; sourceTree = "<group>"; };
		897F3F86202E62810079C831 /* Info.plist */ = {isa = PBXFileReference; lastKnownFileType = text.plist.xml; path = Info.plist; sourceTree = "<group>"; };
		897F3F8B202E62820079C831 /* GlanceDemo-i Extension.appex */ = {isa = PBXFileReference; explicitFileType = "wrapper.app-extension"; includeInIndex = 0; path = "GlanceDemo-i Extension.appex"; sourceTree = BUILT_PRODUCTS_DIR; };
		897F3F90202E62820079C831 /* InterfaceController.swift */ = {isa = PBXFileReference; lastKnownFileType = sourcecode.swift; path = InterfaceController.swift; sourceTree = "<group>"; };
		897F3F92202E62820079C831 /* ExtensionDelegate.swift */ = {isa = PBXFileReference; lastKnownFileType = sourcecode.swift; path = ExtensionDelegate.swift; sourceTree = "<group>"; };
		897F3F94202E62820079C831 /* NotificationController.swift */ = {isa = PBXFileReference; lastKnownFileType = sourcecode.swift; path = NotificationController.swift; sourceTree = "<group>"; };
		897F3F96202E62820079C831 /* ComplicationController.swift */ = {isa = PBXFileReference; lastKnownFileType = sourcecode.swift; path = ComplicationController.swift; sourceTree = "<group>"; };
		897F3F98202E62820079C831 /* Assets.xcassets */ = {isa = PBXFileReference; lastKnownFileType = folder.assetcatalog; path = Assets.xcassets; sourceTree = "<group>"; };
		897F3F9A202E62820079C831 /* Info.plist */ = {isa = PBXFileReference; lastKnownFileType = text.plist.xml; path = Info.plist; sourceTree = "<group>"; };
		897F3F9B202E62820079C831 /* PushNotificationPayload.apns */ = {isa = PBXFileReference; lastKnownFileType = text; path = PushNotificationPayload.apns; sourceTree = "<group>"; };
/* End PBXFileReference section */

/* Begin PBXFrameworksBuildPhase section */
		897F3F65202E624F0079C831 /* Frameworks */ = {
			isa = PBXFrameworksBuildPhase;
			buildActionMask = 2147483647;
			files = (
			);
			runOnlyForDeploymentPostprocessing = 0;
		};
		897F3F88202E62820079C831 /* Frameworks */ = {
			isa = PBXFrameworksBuildPhase;
			buildActionMask = 2147483647;
			files = (
			);
			runOnlyForDeploymentPostprocessing = 0;
		};
/* End PBXFrameworksBuildPhase section */

/* Begin PBXGroup section */
		897F3F5F202E624F0079C831 = {
			isa = PBXGroup;
			children = (
				897F3F6A202E624F0079C831 /* GlanceDemo */,
				897F3F80202E62810079C831 /* GlanceDemo-i */,
				897F3F8F202E62820079C831 /* GlanceDemo-i Extension */,
				897F3F69202E624F0079C831 /* Products */,
			);
			sourceTree = "<group>";
		};
		897F3F69202E624F0079C831 /* Products */ = {
			isa = PBXGroup;
			children = (
				897F3F68202E624F0079C831 /* GlanceDemo.app */,
				897F3F7F202E62810079C831 /* GlanceDemo-i.app */,
				897F3F8B202E62820079C831 /* GlanceDemo-i Extension.appex */,
			);
			name = Products;
			sourceTree = "<group>";
		};
		897F3F6A202E624F0079C831 /* GlanceDemo */ = {
			isa = PBXGroup;
			children = (
				897F3F6B202E624F0079C831 /* AppDelegate.swift */,
				897F3F6D202E624F0079C831 /* ViewController.swift */,
				897F3F6F202E624F0079C831 /* Main.storyboard */,
				897F3F72202E624F0079C831 /* Assets.xcassets */,
				897F3F74202E624F0079C831 /* LaunchScreen.storyboard */,
				897F3F77202E624F0079C831 /* Info.plist */,
			);
			path = GlanceDemo;
			sourceTree = "<group>";
		};
		897F3F80202E62810079C831 /* GlanceDemo-i */ = {
			isa = PBXGroup;
			children = (
				897F3F81202E62810079C831 /* Interface.storyboard */,
				897F3F84202E62810079C831 /* Assets.xcassets */,
				897F3F86202E62810079C831 /* Info.plist */,
			);
			path = "GlanceDemo-i";
			sourceTree = "<group>";
		};
		897F3F8F202E62820079C831 /* GlanceDemo-i Extension */ = {
			isa = PBXGroup;
			children = (
				897F3F90202E62820079C831 /* InterfaceController.swift */,
				897F3F92202E62820079C831 /* ExtensionDelegate.swift */,
				897F3F94202E62820079C831 /* NotificationController.swift */,
				897F3F96202E62820079C831 /* ComplicationController.swift */,
				897F3F98202E62820079C831 /* Assets.xcassets */,
				897F3F9A202E62820079C831 /* Info.plist */,
				897F3F9B202E62820079C831 /* PushNotificationPayload.apns */,
			);
			path = "GlanceDemo-i Extension";
			sourceTree = "<group>";
		};
/* End PBXGroup section */

/* Begin PBXNativeTarget section */
		897F3F67202E624F0079C831 /* GlanceDemo */ = {
			isa = PBXNativeTarget;
			buildConfigurationList = 897F3F7A202E624F0079C831 /* Build configuration list for PBXNativeTarget "GlanceDemo" */;
			buildPhases = (
				897F3F64202E624F0079C831 /* Sources */,
				897F3F65202E624F0079C831 /* Frameworks */,
				897F3F66202E624F0079C831 /* Resources */,
				897F3FA6202E62820079C831 /* Embed Watch Content */,
			);
			buildRules = (
			);
			dependencies = (
				897F3F9D202E62820079C831 /* PBXTargetDependency */,
			);
			name = GlanceDemo;
			productName = GlanceDemo;
			productReference = 897F3F68202E624F0079C831 /* GlanceDemo.app */;
			productType = "com.apple.product-type.application";
		};
		897F3F7E202E62810079C831 /* GlanceDemo-i */ = {
			isa = PBXNativeTarget;
			buildConfigurationList = 897F3FA3202E62820079C831 /* Build configuration list for PBXNativeTarget "GlanceDemo-i" */;
			buildPhases = (
				897F3F7D202E62810079C831 /* Resources */,
				897F3FA2202E62820079C831 /* Embed App Extensions */,
			);
			buildRules = (
			);
			dependencies = (
				897F3F8E202E62820079C831 /* PBXTargetDependency */,
			);
			name = "GlanceDemo-i";
			productName = "GlanceDemo-i";
			productReference = 897F3F7F202E62810079C831 /* GlanceDemo-i.app */;
			productType = "com.apple.product-type.application.watchapp2";
		};
		897F3F8A202E62820079C831 /* GlanceDemo-i Extension */ = {
			isa = PBXNativeTarget;
			buildConfigurationList = 897F3F9F202E62820079C831 /* Build configuration list for PBXNativeTarget "GlanceDemo-i Extension" */;
			buildPhases = (
				897F3F87202E62820079C831 /* Sources */,
				897F3F88202E62820079C831 /* Frameworks */,
				897F3F89202E62820079C831 /* Resources */,
			);
			buildRules = (
			);
			dependencies = (
			);
			name = "GlanceDemo-i Extension";
			productName = "GlanceDemo-i Extension";
			productReference = 897F3F8B202E62820079C831 /* GlanceDemo-i Extension.appex */;
			productType = "com.apple.product-type.watchkit2-extension";
		};
/* End PBXNativeTarget section */

/* Begin PBXProject section */
		897F3F60202E624F0079C831 /* Project object */ = {
			isa = PBXProject;
			attributes = {
				LastSwiftUpdateCheck = 0920;
				LastUpgradeCheck = 0920;
				ORGANIZATIONNAME = "AKIL KUMAR THOTA";
				TargetAttributes = {
					897F3F67202E624F0079C831 = {
						CreatedOnToolsVersion = 9.2;
						ProvisioningStyle = Automatic;
					};
					897F3F7E202E62810079C831 = {
						CreatedOnToolsVersion = 9.2;
						ProvisioningStyle = Automatic;
					};
					897F3F8A202E62820079C831 = {
						CreatedOnToolsVersion = 9.2;
						ProvisioningStyle = Automatic;
					};
				};
			};
			buildConfigurationList = 897F3F63202E624F0079C831 /* Build configuration list for PBXProject "GlanceDemo" */;
			compatibilityVersion = "Xcode 8.0";
			developmentRegion = en;
			hasScannedForEncodings = 0;
			knownRegions = (
				en,
				Base,
			);
			mainGroup = 897F3F5F202E624F0079C831;
			productRefGroup = 897F3F69202E624F0079C831 /* Products */;
			projectDirPath = "";
			projectRoot = "";
			targets = (
				897F3F67202E624F0079C831 /* GlanceDemo */,
				897F3F7E202E62810079C831 /* GlanceDemo-i */,
				897F3F8A202E62820079C831 /* GlanceDemo-i Extension */,
			);
		};
/* End PBXProject section */

/* Begin PBXResourcesBuildPhase section */
		897F3F66202E624F0079C831 /* Resources */ = {
			isa = PBXResourcesBuildPhase;
			buildActionMask = 2147483647;
			files = (
				897F3F76202E624F0079C831 /* LaunchScreen.storyboard in Resources */,
				897F3F73202E624F0079C831 /* Assets.xcassets in Resources */,
				897F3F71202E624F0079C831 /* Main.storyboard in Resources */,
			);
			runOnlyForDeploymentPostprocessing = 0;
		};
		897F3F7D202E62810079C831 /* Resources */ = {
			isa = PBXResourcesBuildPhase;
			buildActionMask = 2147483647;
			files = (
				897F3F85202E62810079C831 /* Assets.xcassets in Resources */,
				897F3F83202E62810079C831 /* Interface.storyboard in Resources */,
			);
			runOnlyForDeploymentPostprocessing = 0;
		};
		897F3F89202E62820079C831 /* Resources */ = {
			isa = PBXResourcesBuildPhase;
			buildActionMask = 2147483647;
			files = (
				897F3F99202E62820079C831 /* Assets.xcassets in Resources */,
			);
			runOnlyForDeploymentPostprocessing = 0;
		};
/* End PBXResourcesBuildPhase section */

/* Begin PBXSourcesBuildPhase section */
		897F3F64202E624F0079C831 /* Sources */ = {
			isa = PBXSourcesBuildPhase;
			buildActionMask = 2147483647;
			files = (
				897F3F6E202E624F0079C831 /* ViewController.swift in Sources */,
				897F3F6C202E624F0079C831 /* AppDelegate.swift in Sources */,
			);
			runOnlyForDeploymentPostprocessing = 0;
		};
		897F3F87202E62820079C831 /* Sources */ = {
			isa = PBXSourcesBuildPhase;
			buildActionMask = 2147483647;
			files = (
				897F3F95202E62820079C831 /* NotificationController.swift in Sources */,
				897F3F97202E62820079C831 /* ComplicationController.swift in Sources */,
				897F3F93202E62820079C831 /* ExtensionDelegate.swift in Sources */,
				897F3F91202E62820079C831 /* InterfaceController.swift in Sources */,
			);
			runOnlyForDeploymentPostprocessing = 0;
		};
/* End PBXSourcesBuildPhase section */

/* Begin PBXTargetDependency section */
		897F3F8E202E62820079C831 /* PBXTargetDependency */ = {
			isa = PBXTargetDependency;
			target = 897F3F8A202E62820079C831 /* GlanceDemo-i Extension */;
			targetProxy = 897F3F8D202E62820079C831 /* PBXContainerItemProxy */;
		};
		897F3F9D202E62820079C831 /* PBXTargetDependency */ = {
			isa = PBXTargetDependency;
			target = 897F3F7E202E62810079C831 /* GlanceDemo-i */;
			targetProxy = 897F3F9C202E62820079C831 /* PBXContainerItemProxy */;
		};
/* End PBXTargetDependency section */

/* Begin PBXVariantGroup section */
		897F3F6F202E624F0079C831 /* Main.storyboard */ = {
			isa = PBXVariantGroup;
			children = (
				897F3F70202E624F0079C831 /* Base */,
			);
			name = Main.storyboard;
			sourceTree = "<group>";
		};
		897F3F74202E624F0079C831 /* LaunchScreen.storyboard */ = {
			isa = PBXVariantGroup;
			children = (
				897F3F75202E624F0079C831 /* Base */,
			);
			name = LaunchScreen.storyboard;
			sourceTree = "<group>";
		};
		897F3F81202E62810079C831 /* Interface.storyboard */ = {
			isa = PBXVariantGroup;
			children = (
				897F3F82202E62810079C831 /* Base */,
			);
			name = Interface.storyboard;
			sourceTree = "<group>";
		};
/* End PBXVariantGroup section */

/* Begin XCBuildConfiguration section */
		897F3F78202E624F0079C831 /* Debug */ = {
			isa = XCBuildConfiguration;
			buildSettings = {
				ALWAYS_SEARCH_USER_PATHS = NO;
				CLANG_ANALYZER_NONNULL = YES;
				CLANG_ANALYZER_NUMBER_OBJECT_CONVERSION = YES_AGGRESSIVE;
				CLANG_CXX_LANGUAGE_STANDARD = "gnu++14";
				CLANG_CXX_LIBRARY = "libc++";
				CLANG_ENABLE_MODULES = YES;
				CLANG_ENABLE_OBJC_ARC = YES;
				CLANG_WARN_BLOCK_CAPTURE_AUTORELEASING = YES;
				CLANG_WARN_BOOL_CONVERSION = YES;
				CLANG_WARN_COMMA = YES;
				CLANG_WARN_CONSTANT_CONVERSION = YES;
				CLANG_WARN_DIRECT_OBJC_ISA_USAGE = YES_ERROR;
				CLANG_WARN_DOCUMENTATION_COMMENTS = YES;
				CLANG_WARN_EMPTY_BODY = YES;
				CLANG_WARN_ENUM_CONVERSION = YES;
				CLANG_WARN_INFINITE_RECURSION = YES;
				CLANG_WARN_INT_CONVERSION = YES;
				CLANG_WARN_NON_LITERAL_NULL_CONVERSION = YES;
				CLANG_WARN_OBJC_LITERAL_CONVERSION = YES;
				CLANG_WARN_OBJC_ROOT_CLASS = YES_ERROR;
				CLANG_WARN_RANGE_LOOP_ANALYSIS = YES;
				CLANG_WARN_STRICT_PROTOTYPES = YES;
				CLANG_WARN_SUSPICIOUS_MOVE = YES;
				CLANG_WARN_UNGUARDED_AVAILABILITY = YES_AGGRESSIVE;
				CLANG_WARN_UNREACHABLE_CODE = YES;
				CLANG_WARN__DUPLICATE_METHOD_MATCH = YES;
				CODE_SIGN_IDENTITY = "iPhone Developer";
				COPY_PHASE_STRIP = NO;
				DEBUG_INFORMATION_FORMAT = dwarf;
				ENABLE_STRICT_OBJC_MSGSEND = YES;
				ENABLE_TESTABILITY = YES;
				GCC_C_LANGUAGE_STANDARD = gnu11;
				GCC_DYNAMIC_NO_PIC = NO;
				GCC_NO_COMMON_BLOCKS = YES;
				GCC_OPTIMIZATION_LEVEL = 0;
				GCC_PREPROCESSOR_DEFINITIONS = (
					"DEBUG=1",
					"$(inherited)",
				);
				GCC_WARN_64_TO_32_BIT_CONVERSION = YES;
				GCC_WARN_ABOUT_RETURN_TYPE = YES_ERROR;
				GCC_WARN_UNDECLARED_SELECTOR = YES;
				GCC_WARN_UNINITIALIZED_AUTOS = YES_AGGRESSIVE;
				GCC_WARN_UNUSED_FUNCTION = YES;
				GCC_WARN_UNUSED_VARIABLE = YES;
				IPHONEOS_DEPLOYMENT_TARGET = 11.2;
				MTL_ENABLE_DEBUG_INFO = YES;
				ONLY_ACTIVE_ARCH = YES;
				SDKROOT = iphoneos;
				SWIFT_ACTIVE_COMPILATION_CONDITIONS = DEBUG;
				SWIFT_OPTIMIZATION_LEVEL = "-Onone";
			};
			name = Debug;
		};
		897F3F79202E624F0079C831 /* Release */ = {
			isa = XCBuildConfiguration;
			buildSettings = {
				ALWAYS_SEARCH_USER_PATHS = NO;
				CLANG_ANALYZER_NONNULL = YES;
				CLANG_ANALYZER_NUMBER_OBJECT_CONVERSION = YES_AGGRESSIVE;
				CLANG_CXX_LANGUAGE_STANDARD = "gnu++14";
				CLANG_CXX_LIBRARY = "libc++";
				CLANG_ENABLE_MODULES = YES;
				CLANG_ENABLE_OBJC_ARC = YES;
				CLANG_WARN_BLOCK_CAPTURE_AUTORELEASING = YES;
				CLANG_WARN_BOOL_CONVERSION = YES;
				CLANG_WARN_COMMA = YES;
				CLANG_WARN_CONSTANT_CONVERSION = YES;
				CLANG_WARN_DIRECT_OBJC_ISA_USAGE = YES_ERROR;
				CLANG_WARN_DOCUMENTATION_COMMENTS = YES;
				CLANG_WARN_EMPTY_BODY = YES;
				CLANG_WARN_ENUM_CONVERSION = YES;
				CLANG_WARN_INFINITE_RECURSION = YES;
				CLANG_WARN_INT_CONVERSION = YES;
				CLANG_WARN_NON_LITERAL_NULL_CONVERSION = YES;
				CLANG_WARN_OBJC_LITERAL_CONVERSION = YES;
				CLANG_WARN_OBJC_ROOT_CLASS = YES_ERROR;
				CLANG_WARN_RANGE_LOOP_ANALYSIS = YES;
				CLANG_WARN_STRICT_PROTOTYPES = YES;
				CLANG_WARN_SUSPICIOUS_MOVE = YES;
				CLANG_WARN_UNGUARDED_AVAILABILITY = YES_AGGRESSIVE;
				CLANG_WARN_UNREACHABLE_CODE = YES;
				CLANG_WARN__DUPLICATE_METHOD_MATCH = YES;
				CODE_SIGN_IDENTITY = "iPhone Developer";
				COPY_PHASE_STRIP = NO;
				DEBUG_INFORMATION_FORMAT = "dwarf-with-dsym";
				ENABLE_NS_ASSERTIONS = NO;
				ENABLE_STRICT_OBJC_MSGSEND = YES;
				GCC_C_LANGUAGE_STANDARD = gnu11;
				GCC_NO_COMMON_BLOCKS = YES;
				GCC_WARN_64_TO_32_BIT_CONVERSION = YES;
				GCC_WARN_ABOUT_RETURN_TYPE = YES_ERROR;
				GCC_WARN_UNDECLARED_SELECTOR = YES;
				GCC_WARN_UNINITIALIZED_AUTOS = YES_AGGRESSIVE;
				GCC_WARN_UNUSED_FUNCTION = YES;
				GCC_WARN_UNUSED_VARIABLE = YES;
				IPHONEOS_DEPLOYMENT_TARGET = 11.2;
				MTL_ENABLE_DEBUG_INFO = NO;
				SDKROOT = iphoneos;
				SWIFT_OPTIMIZATION_LEVEL = "-Owholemodule";
				VALIDATE_PRODUCT = YES;
			};
			name = Release;
		};
		897F3F7B202E624F0079C831 /* Debug */ = {
			isa = XCBuildConfiguration;
			buildSettings = {
				ASSETCATALOG_COMPILER_APPICON_NAME = AppIcon;
				CODE_SIGN_STYLE = Automatic;
				INFOPLIST_FILE = GlanceDemo/Info.plist;
				LD_RUNPATH_SEARCH_PATHS = "$(inherited) @executable_path/Frameworks";
				PRODUCT_BUNDLE_IDENTIFIER = akilkumar28.GlanceDemo;
				PRODUCT_NAME = "$(TARGET_NAME)";
				SWIFT_VERSION = 4.0;
				TARGETED_DEVICE_FAMILY = "1,2";
			};
			name = Debug;
		};
		897F3F7C202E624F0079C831 /* Release */ = {
			isa = XCBuildConfiguration;
			buildSettings = {
				ASSETCATALOG_COMPILER_APPICON_NAME = AppIcon;
				CODE_SIGN_STYLE = Automatic;
				INFOPLIST_FILE = GlanceDemo/Info.plist;
				LD_RUNPATH_SEARCH_PATHS = "$(inherited) @executable_path/Frameworks";
				PRODUCT_BUNDLE_IDENTIFIER = akilkumar28.GlanceDemo;
				PRODUCT_NAME = "$(TARGET_NAME)";
				SWIFT_VERSION = 4.0;
				TARGETED_DEVICE_FAMILY = "1,2";
			};
			name = Release;
		};
		897F3FA0202E62820079C831 /* Debug */ = {
			isa = XCBuildConfiguration;
			buildSettings = {
				ASSETCATALOG_COMPILER_COMPLICATION_NAME = Complication;
				CODE_SIGN_STYLE = Automatic;
				INFOPLIST_FILE = "GlanceDemo-i Extension/Info.plist";
				LD_RUNPATH_SEARCH_PATHS = "$(inherited) @executable_path/Frameworks @executable_path/../../Frameworks";
				PRODUCT_BUNDLE_IDENTIFIER = akilkumar28.GlanceDemo.watchkitapp.watchkitextension;
				PRODUCT_NAME = "${TARGET_NAME}";
				SDKROOT = watchos;
				SKIP_INSTALL = YES;
				SWIFT_VERSION = 4.0;
				TARGETED_DEVICE_FAMILY = 4;
				WATCHOS_DEPLOYMENT_TARGET = 4.2;
			};
			name = Debug;
		};
		897F3FA1202E62820079C831 /* Release */ = {
			isa = XCBuildConfiguration;
			buildSettings = {
				ASSETCATALOG_COMPILER_COMPLICATION_NAME = Complication;
				CODE_SIGN_STYLE = Automatic;
				INFOPLIST_FILE = "GlanceDemo-i Extension/Info.plist";
				LD_RUNPATH_SEARCH_PATHS = "$(inherited) @executable_path/Frameworks @executable_path/../../Frameworks";
				PRODUCT_BUNDLE_IDENTIFIER = akilkumar28.GlanceDemo.watchkitapp.watchkitextension;
				PRODUCT_NAME = "${TARGET_NAME}";
				SDKROOT = watchos;
				SKIP_INSTALL = YES;
				SWIFT_VERSION = 4.0;
				TARGETED_DEVICE_FAMILY = 4;
				WATCHOS_DEPLOYMENT_TARGET = 4.2;
			};
			name = Release;
		};
		897F3FA4202E62820079C831 /* Debug */ = {
			isa = XCBuildConfiguration;
			buildSettings = {
				ALWAYS_EMBED_SWIFT_STANDARD_LIBRARIES = YES;
				ASSETCATALOG_COMPILER_APPICON_NAME = AppIcon;
				CODE_SIGN_STYLE = Automatic;
				IBSC_MODULE = GlanceDemo_i_Extension;
				INFOPLIST_FILE = "GlanceDemo-i/Info.plist";
				PRODUCT_BUNDLE_IDENTIFIER = akilkumar28.GlanceDemo.watchkitapp;
				PRODUCT_NAME = "$(TARGET_NAME)";
				SDKROOT = watchos;
				SKIP_INSTALL = YES;
				SWIFT_VERSION = 4.0;
				TARGETED_DEVICE_FAMILY = 4;
				WATCHOS_DEPLOYMENT_TARGET = 4.2;
			};
			name = Debug;
		};
		897F3FA5202E62820079C831 /* Release */ = {
			isa = XCBuildConfiguration;
			buildSettings = {
				ALWAYS_EMBED_SWIFT_STANDARD_LIBRARIES = YES;
				ASSETCATALOG_COMPILER_APPICON_NAME = AppIcon;
				CODE_SIGN_STYLE = Automatic;
				IBSC_MODULE = GlanceDemo_i_Extension;
				INFOPLIST_FILE = "GlanceDemo-i/Info.plist";
				PRODUCT_BUNDLE_IDENTIFIER = akilkumar28.GlanceDemo.watchkitapp;
				PRODUCT_NAME = "$(TARGET_NAME)";
				SDKROOT = watchos;
				SKIP_INSTALL = YES;
				SWIFT_VERSION = 4.0;
				TARGETED_DEVICE_FAMILY = 4;
				WATCHOS_DEPLOYMENT_TARGET = 4.2;
			};
			name = Release;
		};
/* End XCBuildConfiguration section */

/* Begin XCConfigurationList section */
		897F3F63202E624F0079C831 /* Build configuration list for PBXProject "GlanceDemo" */ = {
			isa = XCConfigurationList;
			buildConfigurations = (
				897F3F78202E624F0079C831 /* Debug */,
				897F3F79202E624F0079C831 /* Release */,
			);
			defaultConfigurationIsVisible = 0;
			defaultConfigurationName = Release;
		};
		897F3F7A202E624F0079C831 /* Build configuration list for PBXNativeTarget "GlanceDemo" */ = {
			isa = XCConfigurationList;
			buildConfigurations = (
				897F3F7B202E624F0079C831 /* Debug */,
				897F3F7C202E624F0079C831 /* Release */,
			);
			defaultConfigurationIsVisible = 0;
			defaultConfigurationName = Release;
		};
		897F3F9F202E62820079C831 /* Build configuration list for PBXNativeTarget "GlanceDemo-i Extension" */ = {
			isa = XCConfigurationList;
			buildConfigurations = (
				897F3FA0202E62820079C831 /* Debug */,
				897F3FA1202E62820079C831 /* Release */,
			);
			defaultConfigurationIsVisible = 0;
			defaultConfigurationName = Release;
		};
		897F3FA3202E62820079C831 /* Build configuration list for PBXNativeTarget "GlanceDemo-i" */ = {
			isa = XCConfigurationList;
			buildConfigurations = (
				897F3FA4202E62820079C831 /* Debug */,
				897F3FA5202E62820079C831 /* Release */,
			);
			defaultConfigurationIsVisible = 0;
			defaultConfigurationName = Release;
		};
/* End XCConfigurationList section */
	};
	rootObject = 897F3F60202E624F0079C831 /* Project object */;
}
